
Microsoft Visual Studio Solution File, Format Version 12.00
# Visual Studio Version 17
VisualStudioVersion = 17.14.36414.22
MinimumVisualStudioVersion = 10.0.40219.1
Project("{FAE04EC0-301F-11D3-BF4B-00C04F79EFBC}") = "VideoTranslator.Logic", "Logic\VideoTranslator.Logic.csproj", "{36106E52-8EDA-A44B-930B-B07480AE62FF}"
EndProject
Project("{FAE04EC0-301F-11D3-BF4B-00C04F79EFBC}") = "VT.Blazor.Server", "VT\VT.Blazor.Server\VT.Blazor.Server.csproj", "{2EBC71A7-3381-40D6-834B-C47919271633}"
EndProject
Project("{FAE04EC0-301F-11D3-BF4B-00C04F79EFBC}") = "VT.Module", "VT\VT.Module\VT.Module.csproj", "{C4CD3736-CA69-4DB4-A1A9-EDBDFC4FB925}"
EndProject
Project("{FAE04EC0-301F-11D3-BF4B-00C04F79EFBC}") = "VT.Win", "VT\VT.Win\VT.Win.csproj", "{B69912F3-2ADF-49C3-B4AC-414254573E0B}"
EndProject
Project("{FAE04EC0-301F-11D3-BF4B-00C04F79EFBC}") = "VT.Console", "VT\VT.Console\VT.Console.csproj", "{A670CB77-43C9-4499-F508-50BD00F46477}"
EndProject
Project("{2150E333-8FDC-42A3-9474-1A3956D46DE8}") = "doc", "doc", "{02EA681E-C7D8-13C7-8484-4AC65E1B71E8}"
	ProjectSection(SolutionItems) = preProject
		build_output.txt = build_output.txt
		注意事项.txt = 注意事项.txt
	EndProjectSection
EndProject
Project("{FAE04EC0-301F-11D3-BF4B-00C04F79EFBC}") = "SimpleVideoPlayer", "SimpleVideoPlayer\SimpleVideoPlayer.csproj", "{2A26DD57-BC85-AA6A-B886-9B5819542754}"
EndProject
Project("{FAE04EC0-301F-11D3-BF4B-00C04F79EFBC}") = "PublishToBilibili", "PublishToBilibili\PublishToBilibili.csproj", "{225B6675-9795-233B-AEC5-2D59399A170F}"
EndProject
Project("{FAE04EC0-301F-11D3-BF4B-00C04F79EFBC}") = "VideoTranslator.SRT", "SRT\VideoTranslator.SRT.csproj", "{7C593DBB-2032-1E19-918E-D442CD2064D7}"
EndProject
Project("{FAE04EC0-301F-11D3-BF4B-00C04F79EFBC}") = "Speech2SRTVad", "VadTime\VadTimeProcessor\Speech2SRTVad.csproj", "{29EB250E-5043-EF69-795D-C2F1BCDBFDA5}"
EndProject
Project("{FAE04EC0-301F-11D3-BF4B-00C04F79EFBC}") = "IProgress", "IProgress\IProgress.csproj", "{73B19811-4D6B-42D7-9583-7FA99A48C5B1}"
EndProject
Project("{FAE04EC0-301F-11D3-BF4B-00C04F79EFBC}") = "VideoTranslator.SRT.Core", "SRT.Core\VideoTranslator.SRT.Core.csproj", "{B3A3CA23-2AB1-16B4-21CD-7E7B256619EA}"
EndProject
Project("{2150E333-8FDC-42A3-9474-1A3956D46DE8}") = "00", "00", "{0B7F13B3-220E-492F-9106-C124F1035FE3}"
EndProject
Project("{2150E333-8FDC-42A3-9474-1A3956D46DE8}") = "99", "99", "{69273BEF-7C54-4CC5-925B-03E9973C6FC5}"
EndProject
Project("{2150E333-8FDC-42A3-9474-1A3956D46DE8}") = "Other", "Other", "{F7A1DB3D-7DCE-4E26-9D51-489461E0096D}"
EndProject
Project("{2150E333-8FDC-42A3-9474-1A3956D46DE8}") = "10", "10", "{1DB0F80C-3E16-4578-96A2-3B545217DEEE}"
EndProject
Project("{FAE04EC0-301F-11D3-BF4B-00C04F79EFBC}") = "TimeLine", "TimeLine\TimeLine.csproj", "{D488C872-C706-3D30-CCF1-3CD18DA483E1}"
EndProject
Project("{FAE04EC0-301F-11D3-BF4B-00C04F79EFBC}") = "VideoPlayer", "VideoPlayer\VideoPlayer.csproj", "{AF1D5516-30E7-0FF3-B02C-DF26F8DAD1E3}"
EndProject
Project("{FAE04EC0-301F-11D3-BF4B-00C04F79EFBC}") = "VideoEditor", "VideoEditor\VideoEditor.csproj", "{153BB4A7-DE1B-9A5A-343D-6D7A4DD0AB57}"
EndProject
Project("{FAE04EC0-301F-11D3-BF4B-00C04F79EFBC}") = "ChatAPITest", "ChatAPITest\ChatAPITest\ChatAPITest.csproj", "{ABCEBA1C-CB1F-76FD-860E-5AEB85EE1D5D}"
EndProject
Project("{FAE04EC0-301F-11D3-BF4B-00C04F79EFBC}") = "VT.Core", "VT.Core\VT.Core.csproj", "{967CBC35-0FDD-4476-93D4-25AA99D092B8}"
EndProject
Project("{FAE04EC0-301F-11D3-BF4B-00C04F79EFBC}") = "VoskAudio2Text", "VoskAudio2Text\VoskAudio2Text.csproj", "{484923D7-D63E-4AFC-9197-0EF4BF45D578}"
EndProject
Project("{FAE04EC0-301F-11D3-BF4B-00C04F79EFBC}") = "LibSE", "..\subtitleedit4.0.14\subtitleedit-4.0.14\src\libse\LibSE.csproj", "{AE0C9325-D7B5-E2EF-0EAA-2B6E8C8881A1}"
EndProject
Project("{FAE04EC0-301F-11D3-BF4B-00C04F79EFBC}") = "Common.Logging", "Common.Logging\Common.Logging.csproj", "{842F009A-DE2F-E4C0-D368-65B4C3E8E944}"
EndProject
Project("{FAE04EC0-301F-11D3-BF4B-00C04F79EFBC}") = "YoutubeDLSharp", "第三方项目\YoutubeDLSharp-master\YoutubeDLSharp\YoutubeDLSharp.csproj", "{20DE049B-8755-EEF6-ED92-058D0C5445F4}"
EndProject
Global
	GlobalSection(SolutionConfigurationPlatforms) = preSolution
		Debug|Any CPU = Debug|Any CPU
		Debug|x64 = Debug|x64
		Release|Any CPU = Release|Any CPU
		Release|x64 = Release|x64
	EndGlobalSection
	GlobalSection(ProjectConfigurationPlatforms) = postSolution
		{36106E52-8EDA-A44B-930B-B07480AE62FF}.Debug|Any CPU.ActiveCfg = Debug|Any CPU
		{36106E52-8EDA-A44B-930B-B07480AE62FF}.Debug|Any CPU.Build.0 = Debug|Any CPU
		{36106E52-8EDA-A44B-930B-B07480AE62FF}.Debug|x64.ActiveCfg = Debug|x64
		{36106E52-8EDA-A44B-930B-B07480AE62FF}.Debug|x64.Build.0 = Debug|x64
		{36106E52-8EDA-A44B-930B-B07480AE62FF}.Release|Any CPU.ActiveCfg = Release|Any CPU
		{36106E52-8EDA-A44B-930B-B07480AE62FF}.Release|Any CPU.Build.0 = Release|Any CPU
		{36106E52-8EDA-A44B-930B-B07480AE62FF}.Release|x64.ActiveCfg = Release|x64
		{36106E52-8EDA-A44B-930B-B07480AE62FF}.Release|x64.Build.0 = Release|x64
		{2EBC71A7-3381-40D6-834B-C47919271633}.Debug|Any CPU.ActiveCfg = Debug|Any CPU
		{2EBC71A7-3381-40D6-834B-C47919271633}.Debug|Any CPU.Build.0 = Debug|Any CPU
		{2EBC71A7-3381-40D6-834B-C47919271633}.Debug|x64.ActiveCfg = EasyTest|x64
		{2EBC71A7-3381-40D6-834B-C47919271633}.Debug|x64.Build.0 = EasyTest|x64
		{2EBC71A7-3381-40D6-834B-C47919271633}.Release|Any CPU.ActiveCfg = Release|Any CPU
		{2EBC71A7-3381-40D6-834B-C47919271633}.Release|Any CPU.Build.0 = Release|Any CPU
		{2EBC71A7-3381-40D6-834B-C47919271633}.Release|x64.ActiveCfg = Release|x64
		{2EBC71A7-3381-40D6-834B-C47919271633}.Release|x64.Build.0 = Release|x64
		{C4CD3736-CA69-4DB4-A1A9-EDBDFC4FB925}.Debug|Any CPU.ActiveCfg = Debug|Any CPU
		{C4CD3736-CA69-4DB4-A1A9-EDBDFC4FB925}.Debug|Any CPU.Build.0 = Debug|Any CPU
		{C4CD3736-CA69-4DB4-A1A9-EDBDFC4FB925}.Debug|x64.ActiveCfg = EasyTest|x64
		{C4CD3736-CA69-4DB4-A1A9-EDBDFC4FB925}.Debug|x64.Build.0 = EasyTest|x64
		{C4CD3736-CA69-4DB4-A1A9-EDBDFC4FB925}.Release|Any CPU.ActiveCfg = Release|Any CPU
		{C4CD3736-CA69-4DB4-A1A9-EDBDFC4FB925}.Release|Any CPU.Build.0 = Release|Any CPU
		{C4CD3736-CA69-4DB4-A1A9-EDBDFC4FB925}.Release|x64.ActiveCfg = Release|x64
		{C4CD3736-CA69-4DB4-A1A9-EDBDFC4FB925}.Release|x64.Build.0 = Release|x64
		{B69912F3-2ADF-49C3-B4AC-414254573E0B}.Debug|Any CPU.ActiveCfg = Debug|Any CPU
		{B69912F3-2ADF-49C3-B4AC-414254573E0B}.Debug|Any CPU.Build.0 = Debug|Any CPU
		{B69912F3-2ADF-49C3-B4AC-414254573E0B}.Debug|x64.ActiveCfg = EasyTest|x64
		{B69912F3-2ADF-49C3-B4AC-414254573E0B}.Debug|x64.Build.0 = EasyTest|x64
		{B69912F3-2ADF-49C3-B4AC-414254573E0B}.Release|Any CPU.ActiveCfg = Release|Any CPU
		{B69912F3-2ADF-49C3-B4AC-414254573E0B}.Release|Any CPU.Build.0 = Release|Any CPU
		{B69912F3-2ADF-49C3-B4AC-414254573E0B}.Release|x64.ActiveCfg = Release|x64
		{B69912F3-2ADF-49C3-B4AC-414254573E0B}.Release|x64.Build.0 = Release|x64
		{A670CB77-43C9-4499-F508-50BD00F46477}.Debug|Any CPU.ActiveCfg = Debug|Any CPU
		{A670CB77-43C9-4499-F508-50BD00F46477}.Debug|Any CPU.Build.0 = Debug|Any CPU
		{A670CB77-43C9-4499-F508-50BD00F46477}.Debug|x64.ActiveCfg = Debug|x64
		{A670CB77-43C9-4499-F508-50BD00F46477}.Debug|x64.Build.0 = Debug|x64
		{A670CB77-43C9-4499-F508-50BD00F46477}.Release|Any CPU.ActiveCfg = Release|Any CPU
		{A670CB77-43C9-4499-F508-50BD00F46477}.Release|Any CPU.Build.0 = Release|Any CPU
		{A670CB77-43C9-4499-F508-50BD00F46477}.Release|x64.ActiveCfg = Release|x64
		{A670CB77-43C9-4499-F508-50BD00F46477}.Release|x64.Build.0 = Release|x64
		{2A26DD57-BC85-AA6A-B886-9B5819542754}.Debug|Any CPU.ActiveCfg = Debug|Any CPU
		{2A26DD57-BC85-AA6A-B886-9B5819542754}.Debug|Any CPU.Build.0 = Debug|Any CPU
		{2A26DD57-BC85-AA6A-B886-9B5819542754}.Debug|x64.ActiveCfg = Debug|Any CPU
		{2A26DD57-BC85-AA6A-B886-9B5819542754}.Debug|x64.Build.0 = Debug|Any CPU
		{2A26DD57-BC85-AA6A-B886-9B5819542754}.Release|Any CPU.ActiveCfg = Release|Any CPU
		{2A26DD57-BC85-AA6A-B886-9B5819542754}.Release|Any CPU.Build.0 = Release|Any CPU
		{2A26DD57-BC85-AA6A-B886-9B5819542754}.Release|x64.ActiveCfg = Release|Any CPU
		{2A26DD57-BC85-AA6A-B886-9B5819542754}.Release|x64.Build.0 = Release|Any CPU
		{225B6675-9795-233B-AEC5-2D59399A170F}.Debug|Any CPU.ActiveCfg = Debug|Any CPU
		{225B6675-9795-233B-AEC5-2D59399A170F}.Debug|Any CPU.Build.0 = Debug|Any CPU
		{225B6675-9795-233B-AEC5-2D59399A170F}.Debug|x64.ActiveCfg = Debug|Any CPU
		{225B6675-9795-233B-AEC5-2D59399A170F}.Debug|x64.Build.0 = Debug|Any CPU
		{225B6675-9795-233B-AEC5-2D59399A170F}.Release|Any CPU.ActiveCfg = Release|Any CPU
		{225B6675-9795-233B-AEC5-2D59399A170F}.Release|Any CPU.Build.0 = Release|Any CPU
		{225B6675-9795-233B-AEC5-2D59399A170F}.Release|x64.ActiveCfg = Release|Any CPU
		{225B6675-9795-233B-AEC5-2D59399A170F}.Release|x64.Build.0 = Release|Any CPU
		{7C593DBB-2032-1E19-918E-D442CD2064D7}.Debug|Any CPU.ActiveCfg = Debug|Any CPU
		{7C593DBB-2032-1E19-918E-D442CD2064D7}.Debug|Any CPU.Build.0 = Debug|Any CPU
		{7C593DBB-2032-1E19-918E-D442CD2064D7}.Debug|x64.ActiveCfg = Debug|Any CPU
		{7C593DBB-2032-1E19-918E-D442CD2064D7}.Debug|x64.Build.0 = Debug|Any CPU
		{7C593DBB-2032-1E19-918E-D442CD2064D7}.Release|Any CPU.ActiveCfg = Release|Any CPU
		{7C593DBB-2032-1E19-918E-D442CD2064D7}.Release|Any CPU.Build.0 = Release|Any CPU
		{7C593DBB-2032-1E19-918E-D442CD2064D7}.Release|x64.ActiveCfg = Release|Any CPU
		{7C593DBB-2032-1E19-918E-D442CD2064D7}.Release|x64.Build.0 = Release|Any CPU
		{29EB250E-5043-EF69-795D-C2F1BCDBFDA5}.Debug|Any CPU.ActiveCfg = Debug|Any CPU
		{29EB250E-5043-EF69-795D-C2F1BCDBFDA5}.Debug|Any CPU.Build.0 = Debug|Any CPU
		{29EB250E-5043-EF69-795D-C2F1BCDBFDA5}.Debug|x64.ActiveCfg = Debug|Any CPU
		{29EB250E-5043-EF69-795D-C2F1BCDBFDA5}.Debug|x64.Build.0 = Debug|Any CPU
		{29EB250E-5043-EF69-795D-C2F1BCDBFDA5}.Release|Any CPU.ActiveCfg = Release|Any CPU
		{29EB250E-5043-EF69-795D-C2F1BCDBFDA5}.Release|Any CPU.Build.0 = Release|Any CPU
		{29EB250E-5043-EF69-795D-C2F1BCDBFDA5}.Release|x64.ActiveCfg = Release|Any CPU
		{29EB250E-5043-EF69-795D-C2F1BCDBFDA5}.Release|x64.Build.0 = Release|Any CPU
		{73B19811-4D6B-42D7-9583-7FA99A48C5B1}.Debug|Any CPU.ActiveCfg = Debug|Any CPU
		{73B19811-4D6B-42D7-9583-7FA99A48C5B1}.Debug|Any CPU.Build.0 = Debug|Any CPU
		{73B19811-4D6B-42D7-9583-7FA99A48C5B1}.Debug|x64.ActiveCfg = Debug|Any CPU
		{73B19811-4D6B-42D7-9583-7FA99A48C5B1}.Debug|x64.Build.0 = Debug|Any CPU
		{73B19811-4D6B-42D7-9583-7FA99A48C5B1}.Release|Any CPU.ActiveCfg = Release|Any CPU
		{73B19811-4D6B-42D7-9583-7FA99A48C5B1}.Release|Any CPU.Build.0 = Release|Any CPU
		{73B19811-4D6B-42D7-9583-7FA99A48C5B1}.Release|x64.ActiveCfg = Release|Any CPU
		{73B19811-4D6B-42D7-9583-7FA99A48C5B1}.Release|x64.Build.0 = Release|Any CPU
		{B3A3CA23-2AB1-16B4-21CD-7E7B256619EA}.Debug|Any CPU.ActiveCfg = Debug|Any CPU
		{B3A3CA23-2AB1-16B4-21CD-7E7B256619EA}.Debug|Any CPU.Build.0 = Debug|Any CPU
		{B3A3CA23-2AB1-16B4-21CD-7E7B256619EA}.Debug|x64.ActiveCfg = Debug|Any CPU
		{B3A3CA23-2AB1-16B4-21CD-7E7B256619EA}.Debug|x64.Build.0 = Debug|Any CPU
		{B3A3CA23-2AB1-16B4-21CD-7E7B256619EA}.Release|Any CPU.ActiveCfg = Release|Any CPU
		{B3A3CA23-2AB1-16B4-21CD-7E7B256619EA}.Release|Any CPU.Build.0 = Release|Any CPU
		{B3A3CA23-2AB1-16B4-21CD-7E7B256619EA}.Release|x64.ActiveCfg = Release|Any CPU
		{B3A3CA23-2AB1-16B4-21CD-7E7B256619EA}.Release|x64.Build.0 = Release|Any CPU
		{D488C872-C706-3D30-CCF1-3CD18DA483E1}.Debug|Any CPU.ActiveCfg = Debug|Any CPU
		{D488C872-C706-3D30-CCF1-3CD18DA483E1}.Debug|Any CPU.Build.0 = Debug|Any CPU
		{D488C872-C706-3D30-CCF1-3CD18DA483E1}.Debug|x64.ActiveCfg = Debug|Any CPU
		{D488C872-C706-3D30-CCF1-3CD18DA483E1}.Debug|x64.Build.0 = Debug|Any CPU
		{D488C872-C706-3D30-CCF1-3CD18DA483E1}.Release|Any CPU.ActiveCfg = Release|Any CPU
		{D488C872-C706-3D30-CCF1-3CD18DA483E1}.Release|Any CPU.Build.0 = Release|Any CPU
		{D488C872-C706-3D30-CCF1-3CD18DA483E1}.Release|x64.ActiveCfg = Release|Any CPU
		{D488C872-C706-3D30-CCF1-3CD18DA483E1}.Release|x64.Build.0 = Release|Any CPU
		{AF1D5516-30E7-0FF3-B02C-DF26F8DAD1E3}.Debug|Any CPU.ActiveCfg = Debug|Any CPU
		{AF1D5516-30E7-0FF3-B02C-DF26F8DAD1E3}.Debug|Any CPU.Build.0 = Debug|Any CPU
		{AF1D5516-30E7-0FF3-B02C-DF26F8DAD1E3}.Debug|x64.ActiveCfg = Debug|Any CPU
		{AF1D5516-30E7-0FF3-B02C-DF26F8DAD1E3}.Debug|x64.Build.0 = Debug|Any CPU
		{AF1D5516-30E7-0FF3-B02C-DF26F8DAD1E3}.Release|Any CPU.ActiveCfg = Release|Any CPU
		{AF1D5516-30E7-0FF3-B02C-DF26F8DAD1E3}.Release|Any CPU.Build.0 = Release|Any CPU
		{AF1D5516-30E7-0FF3-B02C-DF26F8DAD1E3}.Release|x64.ActiveCfg = Release|Any CPU
		{AF1D5516-30E7-0FF3-B02C-DF26F8DAD1E3}.Release|x64.Build.0 = Release|Any CPU
		{153BB4A7-DE1B-9A5A-343D-6D7A4DD0AB57}.Debug|Any CPU.ActiveCfg = Debug|Any CPU
		{153BB4A7-DE1B-9A5A-343D-6D7A4DD0AB57}.Debug|Any CPU.Build.0 = Debug|Any CPU
		{153BB4A7-DE1B-9A5A-343D-6D7A4DD0AB57}.Debug|x64.ActiveCfg = Debug|Any CPU
		{153BB4A7-DE1B-9A5A-343D-6D7A4DD0AB57}.Debug|x64.Build.0 = Debug|Any CPU
		{153BB4A7-DE1B-9A5A-343D-6D7A4DD0AB57}.Release|Any CPU.ActiveCfg = Release|Any CPU
		{153BB4A7-DE1B-9A5A-343D-6D7A4DD0AB57}.Release|Any CPU.Build.0 = Release|Any CPU
		{153BB4A7-DE1B-9A5A-343D-6D7A4DD0AB57}.Release|x64.ActiveCfg = Release|Any CPU
		{153BB4A7-DE1B-9A5A-343D-6D7A4DD0AB57}.Release|x64.Build.0 = Release|Any CPU
		{ABCEBA1C-CB1F-76FD-860E-5AEB85EE1D5D}.Debug|Any CPU.ActiveCfg = Debug|Any CPU
		{ABCEBA1C-CB1F-76FD-860E-5AEB85EE1D5D}.Debug|Any CPU.Build.0 = Debug|Any CPU
		{ABCEBA1C-CB1F-76FD-860E-5AEB85EE1D5D}.Debug|x64.ActiveCfg = Debug|Any CPU
		{ABCEBA1C-CB1F-76FD-860E-5AEB85EE1D5D}.Debug|x64.Build.0 = Debug|Any CPU
		{ABCEBA1C-CB1F-76FD-860E-5AEB85EE1D5D}.Release|Any CPU.ActiveCfg = Release|Any CPU
		{ABCEBA1C-CB1F-76FD-860E-5AEB85EE1D5D}.Release|Any CPU.Build.0 = Release|Any CPU
		{ABCEBA1C-CB1F-76FD-860E-5AEB85EE1D5D}.Release|x64.ActiveCfg = Release|Any CPU
		{ABCEBA1C-CB1F-76FD-860E-5AEB85EE1D5D}.Release|x64.Build.0 = Release|Any CPU
		{967CBC35-0FDD-4476-93D4-25AA99D092B8}.Debug|Any CPU.ActiveCfg = Debug|Any CPU
		{967CBC35-0FDD-4476-93D4-25AA99D092B8}.Debug|Any CPU.Build.0 = Debug|Any CPU
		{967CBC35-0FDD-4476-93D4-25AA99D092B8}.Debug|x64.ActiveCfg = Debug|Any CPU
		{967CBC35-0FDD-4476-93D4-25AA99D092B8}.Debug|x64.Build.0 = Debug|Any CPU
		{967CBC35-0FDD-4476-93D4-25AA99D092B8}.Release|Any CPU.ActiveCfg = Release|Any CPU
		{967CBC35-0FDD-4476-93D4-25AA99D092B8}.Release|Any CPU.Build.0 = Release|Any CPU
		{967CBC35-0FDD-4476-93D4-25AA99D092B8}.Release|x64.ActiveCfg = Release|Any CPU
		{967CBC35-0FDD-4476-93D4-25AA99D092B8}.Release|x64.Build.0 = Release|Any CPU
		{484923D7-D63E-4AFC-9197-0EF4BF45D578}.Debug|Any CPU.ActiveCfg = Debug|Any CPU
		{484923D7-D63E-4AFC-9197-0EF4BF45D578}.Debug|Any CPU.Build.0 = Debug|Any CPU
		{484923D7-D63E-4AFC-9197-0EF4BF45D578}.Debug|x64.ActiveCfg = Debug|Any CPU
		{484923D7-D63E-4AFC-9197-0EF4BF45D578}.Debug|x64.Build.0 = Debug|Any CPU
		{484923D7-D63E-4AFC-9197-0EF4BF45D578}.Release|Any CPU.ActiveCfg = Release|Any CPU
		{484923D7-D63E-4AFC-9197-0EF4BF45D578}.Release|Any CPU.Build.0 = Release|Any CPU
		{484923D7-D63E-4AFC-9197-0EF4BF45D578}.Release|x64.ActiveCfg = Release|Any CPU
		{484923D7-D63E-4AFC-9197-0EF4BF45D578}.Release|x64.Build.0 = Release|Any CPU
		{AE0C9325-D7B5-E2EF-0EAA-2B6E8C8881A1}.Debug|Any CPU.ActiveCfg = Debug|Any CPU
		{AE0C9325-D7B5-E2EF-0EAA-2B6E8C8881A1}.Debug|Any CPU.Build.0 = Debug|Any CPU
		{AE0C9325-D7B5-E2EF-0EAA-2B6E8C8881A1}.Debug|x64.ActiveCfg = Debug|Any CPU
		{AE0C9325-D7B5-E2EF-0EAA-2B6E8C8881A1}.Debug|x64.Build.0 = Debug|Any CPU
		{AE0C9325-D7B5-E2EF-0EAA-2B6E8C8881A1}.Release|Any CPU.ActiveCfg = Release|Any CPU
		{AE0C9325-D7B5-E2EF-0EAA-2B6E8C8881A1}.Release|Any CPU.Build.0 = Release|Any CPU
		{AE0C9325-D7B5-E2EF-0EAA-2B6E8C8881A1}.Release|x64.ActiveCfg = Release|Any CPU
		{AE0C9325-D7B5-E2EF-0EAA-2B6E8C8881A1}.Release|x64.Build.0 = Release|Any CPU
		{842F009A-DE2F-E4C0-D368-65B4C3E8E944}.Debug|Any CPU.ActiveCfg = Debug|Any CPU
		{842F009A-DE2F-E4C0-D368-65B4C3E8E944}.Debug|Any CPU.Build.0 = Debug|Any CPU
		{842F009A-DE2F-E4C0-D368-65B4C3E8E944}.Debug|x64.ActiveCfg = Debug|Any CPU
		{842F009A-DE2F-E4C0-D368-65B4C3E8E944}.Debug|x64.Build.0 = Debug|Any CPU
		{842F009A-DE2F-E4C0-D368-65B4C3E8E944}.Release|Any CPU.ActiveCfg = Release|Any CPU
		{842F009A-DE2F-E4C0-D368-65B4C3E8E944}.Release|Any CPU.Build.0 = Release|Any CPU
		{842F009A-DE2F-E4C0-D368-65B4C3E8E944}.Release|x64.ActiveCfg = Release|Any CPU
		{842F009A-DE2F-E4C0-D368-65B4C3E8E944}.Release|x64.Build.0 = Release|Any CPU
		{20DE049B-8755-EEF6-ED92-058D0C5445F4}.Debug|Any CPU.ActiveCfg = Debug|Any CPU
		{20DE049B-8755-EEF6-ED92-058D0C5445F4}.Debug|Any CPU.Build.0 = Debug|Any CPU
		{20DE049B-8755-EEF6-ED92-058D0C5445F4}.Debug|x64.ActiveCfg = Debug|Any CPU
		{20DE049B-8755-EEF6-ED92-058D0C5445F4}.Debug|x64.Build.0 = Debug|Any CPU
		{20DE049B-8755-EEF6-ED92-058D0C5445F4}.Release|Any CPU.ActiveCfg = Release|Any CPU
		{20DE049B-8755-EEF6-ED92-058D0C5445F4}.Release|Any CPU.Build.0 = Release|Any CPU
		{20DE049B-8755-EEF6-ED92-058D0C5445F4}.Release|x64.ActiveCfg = Release|Any CPU
		{20DE049B-8755-EEF6-ED92-058D0C5445F4}.Release|x64.Build.0 = Release|Any CPU
	EndGlobalSection
	GlobalSection(SolutionProperties) = preSolution
		HideSolutionNode = FALSE
	EndGlobalSection
	GlobalSection(NestedProjects) = preSolution
		{36106E52-8EDA-A44B-930B-B07480AE62FF} = {0B7F13B3-220E-492F-9106-C124F1035FE3}
		{2A26DD57-BC85-AA6A-B886-9B5819542754} = {0B7F13B3-220E-492F-9106-C124F1035FE3}
		{225B6675-9795-233B-AEC5-2D59399A170F} = {69273BEF-7C54-4CC5-925B-03E9973C6FC5}
		{7C593DBB-2032-1E19-918E-D442CD2064D7} = {0B7F13B3-220E-492F-9106-C124F1035FE3}
		{29EB250E-5043-EF69-795D-C2F1BCDBFDA5} = {1DB0F80C-3E16-4578-96A2-3B545217DEEE}
		{73B19811-4D6B-42D7-9583-7FA99A48C5B1} = {0B7F13B3-220E-492F-9106-C124F1035FE3}
		{B3A3CA23-2AB1-16B4-21CD-7E7B256619EA} = {0B7F13B3-220E-492F-9106-C124F1035FE3}
		{ABCEBA1C-CB1F-76FD-860E-5AEB85EE1D5D} = {F7A1DB3D-7DCE-4E26-9D51-489461E0096D}
		{967CBC35-0FDD-4476-93D4-25AA99D092B8} = {0B7F13B3-220E-492F-9106-C124F1035FE3}
		{484923D7-D63E-4AFC-9197-0EF4BF45D578} = {0B7F13B3-220E-492F-9106-C124F1035FE3}
		{AE0C9325-D7B5-E2EF-0EAA-2B6E8C8881A1} = {0B7F13B3-220E-492F-9106-C124F1035FE3}
		{842F009A-DE2F-E4C0-D368-65B4C3E8E944} = {0B7F13B3-220E-492F-9106-C124F1035FE3}
		{20DE049B-8755-EEF6-ED92-058D0C5445F4} = {F7A1DB3D-7DCE-4E26-9D51-489461E0096D}
	EndGlobalSection
	GlobalSection(ExtensibilityGlobals) = postSolution
		SolutionGuid = {A0C82339-F436-47F8-BA0C-3D919C08F888}
	EndGlobalSection
EndGlobal
